
Microsoft Visual Studio Solution File, Format Version 12.00
# Visual Studio Version 16
VisualStudioVersion = 16.0.29102.190
MinimumVisualStudioVersion = 10.0.40219.1
Project("{FAE04EC0-301F-11D3-BF4B-00C04F79EFBC}") = "PipesRepaso1PostMutex", "PipesRepaso1PostMutex\PipesRepaso1PostMutex.csproj", "{94D37B35-9869-48EC-8C6C-0B466FE99651}"
EndProject
Project("{FAE04EC0-301F-11D3-BF4B-00C04F79EFBC}") = "Servidor", "Servidor\Servidor.csproj", "{DD45AEFF-F412-43C1-A06B-7EFF7214985D}"
EndProject
Project("{FAE04EC0-301F-11D3-BF4B-00C04F79EFBC}") = "Cliente", "Cliente\Cliente.csproj", "{0944472C-A61C-4B83-960F-1A6C8118462D}"
EndProject
Global
	GlobalSection(SolutionConfigurationPlatforms) = preSolution
		Debug|Any CPU = Debug|Any CPU
		Release|Any CPU = Release|Any CPU
	EndGlobalSection
	GlobalSection(ProjectConfigurationPlatforms) = postSolution
		{94D37B35-9869-48EC-8C6C-0B466FE99651}.Debug|Any CPU.ActiveCfg = Debug|Any CPU
		{94D37B35-9869-48EC-8C6C-0B466FE99651}.Debug|Any CPU.Build.0 = Debug|Any CPU
		{94D37B35-9869-48EC-8C6C-0B466FE99651}.Release|Any CPU.ActiveCfg = Release|Any CPU
		{94D37B35-9869-48EC-8C6C-0B466FE99651}.Release|Any CPU.Build.0 = Release|Any CPU
		{DD45AEFF-F412-43C1-A06B-7EFF7214985D}.Debug|Any CPU.ActiveCfg = Debug|Any CPU
		{DD45AEFF-F412-43C1-A06B-7EFF7214985D}.Debug|Any CPU.Build.0 = Debug|Any CPU
		{DD45AEFF-F412-43C1-A06B-7EFF7214985D}.Release|Any CPU.ActiveCfg = Release|Any CPU
		{DD45AEFF-F412-43C1-A06B-7EFF7214985D}.Release|Any CPU.Build.0 = Release|Any CPU
		{0944472C-A61C-4B83-960F-1A6C8118462D}.Debug|Any CPU.ActiveCfg = Debug|Any CPU
		{0944472C-A61C-4B83-960F-1A6C8118462D}.Debug|Any CPU.Build.0 = Debug|Any CPU
		{0944472C-A61C-4B83-960F-1A6C8118462D}.Release|Any CPU.ActiveCfg = Release|Any CPU
		{0944472C-A61C-4B83-960F-1A6C8118462D}.Release|Any CPU.Build.0 = Release|Any CPU
	EndGlobalSection
	GlobalSection(SolutionProperties) = preSolution
		HideSolutionNode = FALSE
	EndGlobalSection
	GlobalSection(ExtensibilityGlobals) = postSolution
		SolutionGuid = {8398A90B-7EE6-46F2-BBB2-8613049C4FAE}
	EndGlobalSection
EndGlobal
